
Microsoft Visual Studio Solution File, Format Version 12.00
# Visual Studio 15
VisualStudioVersion = 15.0.28010.2016
MinimumVisualStudioVersion = 10.0.40219.1
Project("{2150E333-8FDC-42A3-9474-1A3956D46DE8}") = "infrastructure", "infrastructure", "{B4E26E64-FF67-42C9-BF92-048C31DB7AC1}"
EndProject
Project("{2150E333-8FDC-42A3-9474-1A3956D46DE8}") = "businessApp", "businessApp", "{6960A643-F184-47E9-B783-0D6126463E12}"
EndProject
Project("{9A19103F-16F7-4668-BE54-9A1E7A4F7556}") = "ProductCatalog.WebService", "businessApp\ProductCatalog.WebService\ProductCatalog.WebService.csproj", "{1947180A-4842-47FF-A348-480D52F7719D}"
EndProject
Project("{9A19103F-16F7-4668-BE54-9A1E7A4F7556}") = "CommandHandlers", "businessApp\CommandHandlers\CommandHandlers.csproj", "{D632D6ED-7444-456B-BBEC-9D0CB450F3DC}"
EndProject
Project("{9A19103F-16F7-4668-BE54-9A1E7A4F7556}") = "QueryHandlers", "businessApp\QueryHandlers\QueryHandlers.csproj", "{A702EEF1-77CD-4E0D-A752-7B9FCD27B67B}"
EndProject
Project("{9A19103F-16F7-4668-BE54-9A1E7A4F7556}") = "DomainModels", "businessApp\DomainModels\DomainModels.csproj", "{567DC8FA-0EC6-4B10-BEF7-CD86A66A03A6}"
EndProject
Project("{9A19103F-16F7-4668-BE54-9A1E7A4F7556}") = "Validators", "businessApp\Validators\Validators.csproj", "{069F64D7-B49C-455F-B0D9-C4CDCA0A6EA8}"
EndProject
Project("{9A19103F-16F7-4668-BE54-9A1E7A4F7556}") = "Commands", "businessApp\Commands\Commands.csproj", "{4BD87466-3565-4CCE-9F6D-CE422C50F951}"
EndProject
Project("{9A19103F-16F7-4668-BE54-9A1E7A4F7556}") = "Queries", "businessApp\Queries\Queries.csproj", "{963E52D1-9E91-419A-B844-15640AD90FA2}"
EndProject
Project("{9A19103F-16F7-4668-BE54-9A1E7A4F7556}") = "DataContext", "businessApp\DataContext\DataContext.csproj", "{10A13A00-19DE-4C05-A522-2CF0C8A4C471}"
EndProject
Project("{9A19103F-16F7-4668-BE54-9A1E7A4F7556}") = "Repository.Contracts", "infrastructure\dataAccess\Repository.Contracts\Repository.Contracts.csproj", "{DF203EE0-FB07-4027-952E-8AA753EC6508}"
EndProject
Project("{2150E333-8FDC-42A3-9474-1A3956D46DE8}") = "dataAccess", "dataAccess", "{B6B9CD59-A237-4EFD-A37F-0EB0B55C56E9}"
EndProject
Project("{9A19103F-16F7-4668-BE54-9A1E7A4F7556}") = "Repository", "infrastructure\dataAccess\Repository\Repository.csproj", "{1563767E-813B-4470-A064-516495538807}"
EndProject
Project("{9A19103F-16F7-4668-BE54-9A1E7A4F7556}") = "Repository.Test", "infrastructure\dataAccess\Repository.Test\Repository.Test.csproj", "{B50BA991-EBD4-4E34-90C3-CBA1C3E3DF97}"
EndProject
Project("{2150E333-8FDC-42A3-9474-1A3956D46DE8}") = "bus", "bus", "{4B8C4BE1-ABC3-4862-88ED-F4A73D2E4A8D}"
EndProject
Project("{9A19103F-16F7-4668-BE54-9A1E7A4F7556}") = "Bus.Contracts", "infrastructure\bus\Bus.Contracts\Bus.Contracts.csproj", "{93ED8076-4254-4DF8-954D-9B3D37A44C04}"
EndProject
Project("{9A19103F-16F7-4668-BE54-9A1E7A4F7556}") = "Bus", "infrastructure\bus\Bus\Bus.csproj", "{A6B85C54-4B1C-4754-9ACD-EC4538E1D5D7}"
EndProject
Project("{2150E333-8FDC-42A3-9474-1A3956D46DE8}") = "validator", "validator", "{C8849AA4-D5A4-4DC4-9A0B-507DDAEFF0C9}"
EndProject
Project("{9A19103F-16F7-4668-BE54-9A1E7A4F7556}") = "Contract", "infrastructure\validator\Contract\Contract.csproj", "{03B40D41-2DAF-4DF4-82E7-E55C762A68E4}"
EndProject
Project("{9A19103F-16F7-4668-BE54-9A1E7A4F7556}") = "Validator", "infrastructure\validator\Validator\Validator.csproj", "{0ED64E68-FAC8-40A1-95DA-38D855F61B92}"
EndProject
Project("{9A19103F-16F7-4668-BE54-9A1E7A4F7556}") = "Validator.Test", "infrastructure\validator\Validator.Test\Validator.Test.csproj", "{375957E8-B46B-421E-AE34-B1D957A8778D}"
EndProject
Project("{FAE04EC0-301F-11D3-BF4B-00C04F79EFBC}") = "MsDependency", "infrastructure\serviceLocatorAdapter\MsDependency\MsDependency.csproj", "{A544D2EA-6FDC-43B2-A929-E9A674540DDE}"
EndProject
Project("{2150E333-8FDC-42A3-9474-1A3956D46DE8}") = "serviceLocatorAdapter", "serviceLocatorAdapter", "{53D58756-A155-4D06-BE68-1E81E42EC2C5}"
EndProject
Project("{2150E333-8FDC-42A3-9474-1A3956D46DE8}") = "logger", "logger", "{5B9DB6EE-18FA-4D1A-A8E5-3733504ACBEE}"
EndProject
Project("{FAE04EC0-301F-11D3-BF4B-00C04F79EFBC}") = "Logger.Contracts", "infrastructure\logger\Logger.Contracts\Logger.Contracts.csproj", "{4B42BE49-5DAB-44FD-A64B-99777DCF376E}"
EndProject
Project("{FAE04EC0-301F-11D3-BF4B-00C04F79EFBC}") = "Logger.Serilog", "infrastructure\logger\Logger.Serilog\Logger.Serilog.csproj", "{8BEF585E-4691-4836-B596-8E2ED3526591}"
EndProject
Project("{2150E333-8FDC-42A3-9474-1A3956D46DE8}") = "webApiBootstrapper", "webApiBootstrapper", "{45832C40-4BDE-427A-9673-7F69E06BCB2D}"
EndProject
Project("{FAE04EC0-301F-11D3-BF4B-00C04F79EFBC}") = "Bootstrapper", "infrastructure\webApiBootstrapper\Bootstrapper\Bootstrapper.csproj", "{81E1A4E6-AA1D-4CAC-914C-7E01B70F6817}"
EndProject
Global
	GlobalSection(SolutionConfigurationPlatforms) = preSolution
		Debug|Any CPU = Debug|Any CPU
		Release|Any CPU = Release|Any CPU
	EndGlobalSection
	GlobalSection(ProjectConfigurationPlatforms) = postSolution
		{1947180A-4842-47FF-A348-480D52F7719D}.Debug|Any CPU.ActiveCfg = Debug|Any CPU
		{1947180A-4842-47FF-A348-480D52F7719D}.Debug|Any CPU.Build.0 = Debug|Any CPU
		{1947180A-4842-47FF-A348-480D52F7719D}.Release|Any CPU.ActiveCfg = Release|Any CPU
		{1947180A-4842-47FF-A348-480D52F7719D}.Release|Any CPU.Build.0 = Release|Any CPU
		{D632D6ED-7444-456B-BBEC-9D0CB450F3DC}.Debug|Any CPU.ActiveCfg = Debug|Any CPU
		{D632D6ED-7444-456B-BBEC-9D0CB450F3DC}.Debug|Any CPU.Build.0 = Debug|Any CPU
		{D632D6ED-7444-456B-BBEC-9D0CB450F3DC}.Release|Any CPU.ActiveCfg = Release|Any CPU
		{D632D6ED-7444-456B-BBEC-9D0CB450F3DC}.Release|Any CPU.Build.0 = Release|Any CPU
		{A702EEF1-77CD-4E0D-A752-7B9FCD27B67B}.Debug|Any CPU.ActiveCfg = Debug|Any CPU
		{A702EEF1-77CD-4E0D-A752-7B9FCD27B67B}.Debug|Any CPU.Build.0 = Debug|Any CPU
		{A702EEF1-77CD-4E0D-A752-7B9FCD27B67B}.Release|Any CPU.ActiveCfg = Release|Any CPU
		{A702EEF1-77CD-4E0D-A752-7B9FCD27B67B}.Release|Any CPU.Build.0 = Release|Any CPU
		{567DC8FA-0EC6-4B10-BEF7-CD86A66A03A6}.Debug|Any CPU.ActiveCfg = Debug|Any CPU
		{567DC8FA-0EC6-4B10-BEF7-CD86A66A03A6}.Debug|Any CPU.Build.0 = Debug|Any CPU
		{567DC8FA-0EC6-4B10-BEF7-CD86A66A03A6}.Release|Any CPU.ActiveCfg = Release|Any CPU
		{567DC8FA-0EC6-4B10-BEF7-CD86A66A03A6}.Release|Any CPU.Build.0 = Release|Any CPU
		{069F64D7-B49C-455F-B0D9-C4CDCA0A6EA8}.Debug|Any CPU.ActiveCfg = Debug|Any CPU
		{069F64D7-B49C-455F-B0D9-C4CDCA0A6EA8}.Debug|Any CPU.Build.0 = Debug|Any CPU
		{069F64D7-B49C-455F-B0D9-C4CDCA0A6EA8}.Release|Any CPU.ActiveCfg = Release|Any CPU
		{069F64D7-B49C-455F-B0D9-C4CDCA0A6EA8}.Release|Any CPU.Build.0 = Release|Any CPU
		{4BD87466-3565-4CCE-9F6D-CE422C50F951}.Debug|Any CPU.ActiveCfg = Debug|Any CPU
		{4BD87466-3565-4CCE-9F6D-CE422C50F951}.Debug|Any CPU.Build.0 = Debug|Any CPU
		{4BD87466-3565-4CCE-9F6D-CE422C50F951}.Release|Any CPU.ActiveCfg = Release|Any CPU
		{4BD87466-3565-4CCE-9F6D-CE422C50F951}.Release|Any CPU.Build.0 = Release|Any CPU
		{963E52D1-9E91-419A-B844-15640AD90FA2}.Debug|Any CPU.ActiveCfg = Debug|Any CPU
		{963E52D1-9E91-419A-B844-15640AD90FA2}.Debug|Any CPU.Build.0 = Debug|Any CPU
		{963E52D1-9E91-419A-B844-15640AD90FA2}.Release|Any CPU.ActiveCfg = Release|Any CPU
		{963E52D1-9E91-419A-B844-15640AD90FA2}.Release|Any CPU.Build.0 = Release|Any CPU
		{10A13A00-19DE-4C05-A522-2CF0C8A4C471}.Debug|Any CPU.ActiveCfg = Debug|Any CPU
		{10A13A00-19DE-4C05-A522-2CF0C8A4C471}.Debug|Any CPU.Build.0 = Debug|Any CPU
		{10A13A00-19DE-4C05-A522-2CF0C8A4C471}.Release|Any CPU.ActiveCfg = Release|Any CPU
		{10A13A00-19DE-4C05-A522-2CF0C8A4C471}.Release|Any CPU.Build.0 = Release|Any CPU
		{DF203EE0-FB07-4027-952E-8AA753EC6508}.Debug|Any CPU.ActiveCfg = Debug|Any CPU
		{DF203EE0-FB07-4027-952E-8AA753EC6508}.Debug|Any CPU.Build.0 = Debug|Any CPU
		{DF203EE0-FB07-4027-952E-8AA753EC6508}.Release|Any CPU.ActiveCfg = Release|Any CPU
		{DF203EE0-FB07-4027-952E-8AA753EC6508}.Release|Any CPU.Build.0 = Release|Any CPU
		{1563767E-813B-4470-A064-516495538807}.Debug|Any CPU.ActiveCfg = Debug|Any CPU
		{1563767E-813B-4470-A064-516495538807}.Debug|Any CPU.Build.0 = Debug|Any CPU
		{1563767E-813B-4470-A064-516495538807}.Release|Any CPU.ActiveCfg = Release|Any CPU
		{1563767E-813B-4470-A064-516495538807}.Release|Any CPU.Build.0 = Release|Any CPU
		{B50BA991-EBD4-4E34-90C3-CBA1C3E3DF97}.Debug|Any CPU.ActiveCfg = Debug|Any CPU
		{B50BA991-EBD4-4E34-90C3-CBA1C3E3DF97}.Debug|Any CPU.Build.0 = Debug|Any CPU
		{B50BA991-EBD4-4E34-90C3-CBA1C3E3DF97}.Release|Any CPU.ActiveCfg = Release|Any CPU
		{B50BA991-EBD4-4E34-90C3-CBA1C3E3DF97}.Release|Any CPU.Build.0 = Release|Any CPU
		{93ED8076-4254-4DF8-954D-9B3D37A44C04}.Debug|Any CPU.ActiveCfg = Debug|Any CPU
		{93ED8076-4254-4DF8-954D-9B3D37A44C04}.Debug|Any CPU.Build.0 = Debug|Any CPU
		{93ED8076-4254-4DF8-954D-9B3D37A44C04}.Release|Any CPU.ActiveCfg = Release|Any CPU
		{93ED8076-4254-4DF8-954D-9B3D37A44C04}.Release|Any CPU.Build.0 = Release|Any CPU
		{A6B85C54-4B1C-4754-9ACD-EC4538E1D5D7}.Debug|Any CPU.ActiveCfg = Debug|Any CPU
		{A6B85C54-4B1C-4754-9ACD-EC4538E1D5D7}.Debug|Any CPU.Build.0 = Debug|Any CPU
		{A6B85C54-4B1C-4754-9ACD-EC4538E1D5D7}.Release|Any CPU.ActiveCfg = Release|Any CPU
		{A6B85C54-4B1C-4754-9ACD-EC4538E1D5D7}.Release|Any CPU.Build.0 = Release|Any CPU
		{03B40D41-2DAF-4DF4-82E7-E55C762A68E4}.Debug|Any CPU.ActiveCfg = Debug|Any CPU
		{03B40D41-2DAF-4DF4-82E7-E55C762A68E4}.Debug|Any CPU.Build.0 = Debug|Any CPU
		{03B40D41-2DAF-4DF4-82E7-E55C762A68E4}.Release|Any CPU.ActiveCfg = Release|Any CPU
		{03B40D41-2DAF-4DF4-82E7-E55C762A68E4}.Release|Any CPU.Build.0 = Release|Any CPU
		{0ED64E68-FAC8-40A1-95DA-38D855F61B92}.Debug|Any CPU.ActiveCfg = Debug|Any CPU
		{0ED64E68-FAC8-40A1-95DA-38D855F61B92}.Debug|Any CPU.Build.0 = Debug|Any CPU
		{0ED64E68-FAC8-40A1-95DA-38D855F61B92}.Release|Any CPU.ActiveCfg = Release|Any CPU
		{0ED64E68-FAC8-40A1-95DA-38D855F61B92}.Release|Any CPU.Build.0 = Release|Any CPU
		{375957E8-B46B-421E-AE34-B1D957A8778D}.Debug|Any CPU.ActiveCfg = Debug|Any CPU
		{375957E8-B46B-421E-AE34-B1D957A8778D}.Debug|Any CPU.Build.0 = Debug|Any CPU
		{375957E8-B46B-421E-AE34-B1D957A8778D}.Release|Any CPU.ActiveCfg = Release|Any CPU
		{375957E8-B46B-421E-AE34-B1D957A8778D}.Release|Any CPU.Build.0 = Release|Any CPU
		{A544D2EA-6FDC-43B2-A929-E9A674540DDE}.Debug|Any CPU.ActiveCfg = Debug|Any CPU
		{A544D2EA-6FDC-43B2-A929-E9A674540DDE}.Debug|Any CPU.Build.0 = Debug|Any CPU
		{A544D2EA-6FDC-43B2-A929-E9A674540DDE}.Release|Any CPU.ActiveCfg = Release|Any CPU
		{A544D2EA-6FDC-43B2-A929-E9A674540DDE}.Release|Any CPU.Build.0 = Release|Any CPU
		{4B42BE49-5DAB-44FD-A64B-99777DCF376E}.Debug|Any CPU.ActiveCfg = Debug|Any CPU
		{4B42BE49-5DAB-44FD-A64B-99777DCF376E}.Debug|Any CPU.Build.0 = Debug|Any CPU
		{4B42BE49-5DAB-44FD-A64B-99777DCF376E}.Release|Any CPU.ActiveCfg = Release|Any CPU
		{4B42BE49-5DAB-44FD-A64B-99777DCF376E}.Release|Any CPU.Build.0 = Release|Any CPU
		{8BEF585E-4691-4836-B596-8E2ED3526591}.Debug|Any CPU.ActiveCfg = Debug|Any CPU
		{8BEF585E-4691-4836-B596-8E2ED3526591}.Debug|Any CPU.Build.0 = Debug|Any CPU
		{8BEF585E-4691-4836-B596-8E2ED3526591}.Release|Any CPU.ActiveCfg = Release|Any CPU
		{8BEF585E-4691-4836-B596-8E2ED3526591}.Release|Any CPU.Build.0 = Release|Any CPU
		{81E1A4E6-AA1D-4CAC-914C-7E01B70F6817}.Debug|Any CPU.ActiveCfg = Debug|Any CPU
		{81E1A4E6-AA1D-4CAC-914C-7E01B70F6817}.Debug|Any CPU.Build.0 = Debug|Any CPU
		{81E1A4E6-AA1D-4CAC-914C-7E01B70F6817}.Release|Any CPU.ActiveCfg = Release|Any CPU
		{81E1A4E6-AA1D-4CAC-914C-7E01B70F6817}.Release|Any CPU.Build.0 = Release|Any CPU
	EndGlobalSection
	GlobalSection(SolutionProperties) = preSolution
		HideSolutionNode = FALSE
	EndGlobalSection
	GlobalSection(NestedProjects) = preSolution
		{1947180A-4842-47FF-A348-480D52F7719D} = {6960A643-F184-47E9-B783-0D6126463E12}
		{D632D6ED-7444-456B-BBEC-9D0CB450F3DC} = {6960A643-F184-47E9-B783-0D6126463E12}
		{A702EEF1-77CD-4E0D-A752-7B9FCD27B67B} = {6960A643-F184-47E9-B783-0D6126463E12}
		{567DC8FA-0EC6-4B10-BEF7-CD86A66A03A6} = {6960A643-F184-47E9-B783-0D6126463E12}
		{069F64D7-B49C-455F-B0D9-C4CDCA0A6EA8} = {6960A643-F184-47E9-B783-0D6126463E12}
		{4BD87466-3565-4CCE-9F6D-CE422C50F951} = {6960A643-F184-47E9-B783-0D6126463E12}
		{963E52D1-9E91-419A-B844-15640AD90FA2} = {6960A643-F184-47E9-B783-0D6126463E12}
		{10A13A00-19DE-4C05-A522-2CF0C8A4C471} = {6960A643-F184-47E9-B783-0D6126463E12}
		{DF203EE0-FB07-4027-952E-8AA753EC6508} = {B6B9CD59-A237-4EFD-A37F-0EB0B55C56E9}
		{B6B9CD59-A237-4EFD-A37F-0EB0B55C56E9} = {B4E26E64-FF67-42C9-BF92-048C31DB7AC1}
		{1563767E-813B-4470-A064-516495538807} = {B6B9CD59-A237-4EFD-A37F-0EB0B55C56E9}
		{B50BA991-EBD4-4E34-90C3-CBA1C3E3DF97} = {B6B9CD59-A237-4EFD-A37F-0EB0B55C56E9}
		{4B8C4BE1-ABC3-4862-88ED-F4A73D2E4A8D} = {B4E26E64-FF67-42C9-BF92-048C31DB7AC1}
		{93ED8076-4254-4DF8-954D-9B3D37A44C04} = {4B8C4BE1-ABC3-4862-88ED-F4A73D2E4A8D}
		{A6B85C54-4B1C-4754-9ACD-EC4538E1D5D7} = {4B8C4BE1-ABC3-4862-88ED-F4A73D2E4A8D}
		{C8849AA4-D5A4-4DC4-9A0B-507DDAEFF0C9} = {B4E26E64-FF67-42C9-BF92-048C31DB7AC1}
		{03B40D41-2DAF-4DF4-82E7-E55C762A68E4} = {C8849AA4-D5A4-4DC4-9A0B-507DDAEFF0C9}
		{0ED64E68-FAC8-40A1-95DA-38D855F61B92} = {C8849AA4-D5A4-4DC4-9A0B-507DDAEFF0C9}
		{375957E8-B46B-421E-AE34-B1D957A8778D} = {C8849AA4-D5A4-4DC4-9A0B-507DDAEFF0C9}
		{A544D2EA-6FDC-43B2-A929-E9A674540DDE} = {53D58756-A155-4D06-BE68-1E81E42EC2C5}
		{53D58756-A155-4D06-BE68-1E81E42EC2C5} = {B4E26E64-FF67-42C9-BF92-048C31DB7AC1}
		{5B9DB6EE-18FA-4D1A-A8E5-3733504ACBEE} = {B4E26E64-FF67-42C9-BF92-048C31DB7AC1}
		{4B42BE49-5DAB-44FD-A64B-99777DCF376E} = {5B9DB6EE-18FA-4D1A-A8E5-3733504ACBEE}
		{8BEF585E-4691-4836-B596-8E2ED3526591} = {5B9DB6EE-18FA-4D1A-A8E5-3733504ACBEE}
		{45832C40-4BDE-427A-9673-7F69E06BCB2D} = {B4E26E64-FF67-42C9-BF92-048C31DB7AC1}
		{81E1A4E6-AA1D-4CAC-914C-7E01B70F6817} = {45832C40-4BDE-427A-9673-7F69E06BCB2D}
	EndGlobalSection
	GlobalSection(ExtensibilityGlobals) = postSolution
		SolutionGuid = {FFA145D4-B5A6-4E50-8AFA-57D575BDC73D}
	EndGlobalSection
EndGlobal
